// !$*UTF8*$!
{
	archiveVersion = 1;
	classes = {
	};
	objectVersion = 46;
	objects = {

/* Begin PBXBuildFile section */
		3E187A2E7F4446F6801CE61C /* libPods-RecipeMashTests.a in Frameworks */ = {isa = PBXBuildFile; fileRef = C6F451B0D6F9495785F9FA7E /* libPods-RecipeMashTests.a */; };
		75DB5BC42936465888F4294E /* libPods-RecipeMash.a in Frameworks */ = {isa = PBXBuildFile; fileRef = 7E6FA54D9A534BB3A44210CB /* libPods-RecipeMash.a */; };
		8F352FC81808DF340015AF68 /* Foundation.framework in Frameworks */ = {isa = PBXBuildFile; fileRef = 8F352FC71808DF340015AF68 /* Foundation.framework */; };
		8F352FCA1808DF340015AF68 /* CoreGraphics.framework in Frameworks */ = {isa = PBXBuildFile; fileRef = 8F352FC91808DF340015AF68 /* CoreGraphics.framework */; };
		8F352FCC1808DF340015AF68 /* UIKit.framework in Frameworks */ = {isa = PBXBuildFile; fileRef = 8F352FCB1808DF340015AF68 /* UIKit.framework */; };
		8F352FD21808DF340015AF68 /* InfoPlist.strings in Resources */ = {isa = PBXBuildFile; fileRef = 8F352FD01808DF340015AF68 /* InfoPlist.strings */; };
		8F352FD41808DF340015AF68 /* main.m in Sources */ = {isa = PBXBuildFile; fileRef = 8F352FD31808DF340015AF68 /* main.m */; };
		8F352FDB1808DF340015AF68 /* Main.storyboard in Resources */ = {isa = PBXBuildFile; fileRef = 8F352FD91808DF340015AF68 /* Main.storyboard */; };
		8F352FE01808DF340015AF68 /* Images.xcassets in Resources */ = {isa = PBXBuildFile; fileRef = 8F352FDF1808DF340015AF68 /* Images.xcassets */; };
		8F352FE71808DF340015AF68 /* XCTest.framework in Frameworks */ = {isa = PBXBuildFile; fileRef = 8F352FE61808DF340015AF68 /* XCTest.framework */; };
		8F352FE81808DF340015AF68 /* Foundation.framework in Frameworks */ = {isa = PBXBuildFile; fileRef = 8F352FC71808DF340015AF68 /* Foundation.framework */; };
		8F352FE91808DF340015AF68 /* UIKit.framework in Frameworks */ = {isa = PBXBuildFile; fileRef = 8F352FCB1808DF340015AF68 /* UIKit.framework */; };
		8F352FF11808DF340015AF68 /* InfoPlist.strings in Resources */ = {isa = PBXBuildFile; fileRef = 8F352FEF1808DF340015AF68 /* InfoPlist.strings */; };
		8F352FF31808DF340015AF68 /* RecipeMashTests.m in Sources */ = {isa = PBXBuildFile; fileRef = 8F352FF21808DF340015AF68 /* RecipeMashTests.m */; };
		8F35309A1808DF440015AF68 /* Tesseract.mm in Sources */ = {isa = PBXBuildFile; fileRef = 8F352FFF1808DF430015AF68 /* Tesseract.mm */; };
		8F35309B1808DF440015AF68 /* LICENSE in Resources */ = {isa = PBXBuildFile; fileRef = 8F3530001808DF430015AF68 /* LICENSE */; };
		8F35309D1808DF440015AF68 /* .gitignore in Resources */ = {isa = PBXBuildFile; fileRef = 8F3530031808DF430015AF68 /* .gitignore */; };
		8F35309E1808DF440015AF68 /* liblept.a in Frameworks */ = {isa = PBXBuildFile; fileRef = 8F3530971808DF440015AF68 /* liblept.a */; };
		8F35309F1808DF440015AF68 /* libtesseract_all.a in Frameworks */ = {isa = PBXBuildFile; fileRef = 8F3530981808DF440015AF68 /* libtesseract_all.a */; };
		8F3530A21808DF4A0015AF68 /* tessdata in Resources */ = {isa = PBXBuildFile; fileRef = 8F3530A11808DF4A0015AF68 /* tessdata */; };
		8F6C914C18097D4300F75EFE /* GroceryList.plist in Resources */ = {isa = PBXBuildFile; fileRef = 8F6C914B18097D4300F75EFE /* GroceryList.plist */; };
		8F6C91521809986E00F75EFE /* Accounts.framework in Frameworks */ = {isa = PBXBuildFile; fileRef = 8F6C91511809986E00F75EFE /* Accounts.framework */; };
		8F6C915618099A5D00F75EFE /* Social.framework in Frameworks */ = {isa = PBXBuildFile; fileRef = 8F6C915518099A5D00F75EFE /* Social.framework */; };
		8F6C915818099B1300F75EFE /* FacebookSDK.framework in Frameworks */ = {isa = PBXBuildFile; fileRef = 8F6C915718099B1300F75EFE /* FacebookSDK.framework */; };
		8F6C9161180BDAC800F75EFE /* Swirl.jpg in Resources */ = {isa = PBXBuildFile; fileRef = 8F6C9160180BDAC800F75EFE /* Swirl.jpg */; };
		8F6C917A180BDD5600F75EFE /* AppDelegate.m in Sources */ = {isa = PBXBuildFile; fileRef = 8F6C9163180BDD5600F75EFE /* AppDelegate.m */; };
		8F6C917C180BDD5600F75EFE /* ChooseIngredientsViewController.m in Sources */ = {isa = PBXBuildFile; fileRef = 8F6C9167180BDD5600F75EFE /* ChooseIngredientsViewController.m */; };
		8F6C917D180BDD5600F75EFE /* FridgeViewController.m in Sources */ = {isa = PBXBuildFile; fileRef = 8F6C9169180BDD5600F75EFE /* FridgeViewController.m */; };
		8F6C917F180BDD5600F75EFE /* RecipeListViewController.m in Sources */ = {isa = PBXBuildFile; fileRef = 8F6C916D180BDD5600F75EFE /* RecipeListViewController.m */; };
		8F6C9180180BDD5600F75EFE /* RecipesViewController.m in Sources */ = {isa = PBXBuildFile; fileRef = 8F6C916F180BDD5600F75EFE /* RecipesViewController.m */; };
		8F6C9181180BDD5600F75EFE /* RecipeViewController.m in Sources */ = {isa = PBXBuildFile; fileRef = 8F6C9171180BDD5600F75EFE /* RecipeViewController.m */; };
		8F6C9183180BDD5600F75EFE /* TeamDetailsViewController.m in Sources */ = {isa = PBXBuildFile; fileRef = 8F6C9175180BDD5600F75EFE /* TeamDetailsViewController.m */; };
		8F6C9184180BDD5600F75EFE /* ViewController.m in Sources */ = {isa = PBXBuildFile; fileRef = 8F6C9177180BDD5600F75EFE /* ViewController.m */; };
		8F6C9191180BDDBD00F75EFE /* ImageProcessing.mm in Sources */ = {isa = PBXBuildFile; fileRef = 8F6C918A180BDDBD00F75EFE /* ImageProcessing.mm */; };
		8F6C9192180BDDBD00F75EFE /* NSString+Levenshtein.m in Sources */ = {isa = PBXBuildFile; fileRef = 8F6C918C180BDDBD00F75EFE /* NSString+Levenshtein.m */; };
		8F6C9193180BDDBD00F75EFE /* TeamDetailCell.m in Sources */ = {isa = PBXBuildFile; fileRef = 8F6C918E180BDDBD00F75EFE /* TeamDetailCell.m */; };
		8F6C9194180BDDBD00F75EFE /* VTPG_Common.m in Sources */ = {isa = PBXBuildFile; fileRef = 8F6C9190180BDDBD00F75EFE /* VTPG_Common.m */; };
/* End PBXBuildFile section */

/* Begin PBXContainerItemProxy section */
		8F352FEA1808DF340015AF68 /* PBXContainerItemProxy */ = {
			isa = PBXContainerItemProxy;
			containerPortal = 8F352FBC1808DF340015AF68 /* Project object */;
			proxyType = 1;
			remoteGlobalIDString = 8F352FC31808DF340015AF68;
			remoteInfo = RecipeMash;
		};
/* End PBXContainerItemProxy section */

/* Begin PBXFileReference section */
		2AF1C4C5476B4429919B7020 /* Pods-RecipeMashTests.xcconfig */ = {isa = PBXFileReference; includeInIndex = 1; lastKnownFileType = text.xcconfig; name = "Pods-RecipeMashTests.xcconfig"; path = "Pods/Pods-RecipeMashTests.xcconfig"; sourceTree = "<group>"; };
		62B5492E4B5B451087A6BE11 /* Pods-RecipeMash.xcconfig */ = {isa = PBXFileReference; includeInIndex = 1; lastKnownFileType = text.xcconfig; name = "Pods-RecipeMash.xcconfig"; path = "Pods/Pods-RecipeMash.xcconfig"; sourceTree = "<group>"; };
		7E6FA54D9A534BB3A44210CB /* libPods-RecipeMash.a */ = {isa = PBXFileReference; explicitFileType = archive.ar; includeInIndex = 0; path = "libPods-RecipeMash.a"; sourceTree = BUILT_PRODUCTS_DIR; };
		8F352FC41808DF340015AF68 /* RecipeMash.app */ = {isa = PBXFileReference; explicitFileType = wrapper.application; includeInIndex = 0; path = RecipeMash.app; sourceTree = BUILT_PRODUCTS_DIR; };
		8F352FC71808DF340015AF68 /* Foundation.framework */ = {isa = PBXFileReference; lastKnownFileType = wrapper.framework; name = Foundation.framework; path = System/Library/Frameworks/Foundation.framework; sourceTree = SDKROOT; };
		8F352FC91808DF340015AF68 /* CoreGraphics.framework */ = {isa = PBXFileReference; lastKnownFileType = wrapper.framework; name = CoreGraphics.framework; path = System/Library/Frameworks/CoreGraphics.framework; sourceTree = SDKROOT; };
		8F352FCB1808DF340015AF68 /* UIKit.framework */ = {isa = PBXFileReference; lastKnownFileType = wrapper.framework; name = UIKit.framework; path = System/Library/Frameworks/UIKit.framework; sourceTree = SDKROOT; };
		8F352FCF1808DF340015AF68 /* RecipeMash-Info.plist */ = {isa = PBXFileReference; lastKnownFileType = text.plist.xml; path = "RecipeMash-Info.plist"; sourceTree = "<group>"; };
		8F352FD11808DF340015AF68 /* en */ = {isa = PBXFileReference; lastKnownFileType = text.plist.strings; name = en; path = en.lproj/InfoPlist.strings; sourceTree = "<group>"; };
		8F352FD31808DF340015AF68 /* main.m */ = {isa = PBXFileReference; lastKnownFileType = sourcecode.c.objc; path = main.m; sourceTree = "<group>"; };
		8F352FD51808DF340015AF68 /* RecipeMash-Prefix.pch */ = {isa = PBXFileReference; lastKnownFileType = sourcecode.c.h; path = "RecipeMash-Prefix.pch"; sourceTree = "<group>"; };
		8F352FDA1808DF340015AF68 /* Base */ = {isa = PBXFileReference; lastKnownFileType = file.storyboard; name = Base; path = Base.lproj/Main.storyboard; sourceTree = "<group>"; };
		8F352FDF1808DF340015AF68 /* Images.xcassets */ = {isa = PBXFileReference; lastKnownFileType = folder.assetcatalog; path = Images.xcassets; sourceTree = "<group>"; };
		8F352FE51808DF340015AF68 /* RecipeMashTests.xctest */ = {isa = PBXFileReference; explicitFileType = wrapper.cfbundle; includeInIndex = 0; path = RecipeMashTests.xctest; sourceTree = BUILT_PRODUCTS_DIR; };
		8F352FE61808DF340015AF68 /* XCTest.framework */ = {isa = PBXFileReference; lastKnownFileType = wrapper.framework; name = XCTest.framework; path = Library/Frameworks/XCTest.framework; sourceTree = DEVELOPER_DIR; };
		8F352FEE1808DF340015AF68 /* RecipeMashTests-Info.plist */ = {isa = PBXFileReference; lastKnownFileType = text.plist.xml; path = "RecipeMashTests-Info.plist"; sourceTree = "<group>"; };
		8F352FF01808DF340015AF68 /* en */ = {isa = PBXFileReference; lastKnownFileType = text.plist.strings; name = en; path = en.lproj/InfoPlist.strings; sourceTree = "<group>"; };
		8F352FF21808DF340015AF68 /* RecipeMashTests.m */ = {isa = PBXFileReference; lastKnownFileType = sourcecode.c.objc; path = RecipeMashTests.m; sourceTree = "<group>"; };
		8F352FFE1808DF430015AF68 /* Tesseract.h */ = {isa = PBXFileReference; fileEncoding = 4; lastKnownFileType = sourcecode.c.h; path = Tesseract.h; sourceTree = "<group>"; };
		8F352FFF1808DF430015AF68 /* Tesseract.mm */ = {isa = PBXFileReference; fileEncoding = 4; lastKnownFileType = sourcecode.cpp.objcpp; path = Tesseract.mm; sourceTree = "<group>"; };
		8F3530001808DF430015AF68 /* LICENSE */ = {isa = PBXFileReference; fileEncoding = 4; lastKnownFileType = text; path = LICENSE; sourceTree = "<group>"; };
		8F3530031808DF430015AF68 /* .gitignore */ = {isa = PBXFileReference; fileEncoding = 4; lastKnownFileType = text; path = .gitignore; sourceTree = "<group>"; };
		8F3530061808DF430015AF68 /* allheaders.h */ = {isa = PBXFileReference; fileEncoding = 4; lastKnownFileType = sourcecode.c.h; path = allheaders.h; sourceTree = "<group>"; };
		8F3530071808DF430015AF68 /* alltypes.h */ = {isa = PBXFileReference; fileEncoding = 4; lastKnownFileType = sourcecode.c.h; path = alltypes.h; sourceTree = "<group>"; };
		8F3530081808DF430015AF68 /* array.h */ = {isa = PBXFileReference; fileEncoding = 4; lastKnownFileType = sourcecode.c.h; path = array.h; sourceTree = "<group>"; };
		8F3530091808DF430015AF68 /* arrayaccess.h */ = {isa = PBXFileReference; fileEncoding = 4; lastKnownFileType = sourcecode.c.h; path = arrayaccess.h; sourceTree = "<group>"; };
		8F35300A1808DF430015AF68 /* bbuffer.h */ = {isa = PBXFileReference; fileEncoding = 4; lastKnownFileType = sourcecode.c.h; path = bbuffer.h; sourceTree = "<group>"; };
		8F35300B1808DF430015AF68 /* bmf.h */ = {isa = PBXFileReference; fileEncoding = 4; lastKnownFileType = sourcecode.c.h; path = bmf.h; sourceTree = "<group>"; };
		8F35300C1808DF430015AF68 /* bmp.h */ = {isa = PBXFileReference; fileEncoding = 4; lastKnownFileType = sourcecode.c.h; path = bmp.h; sourceTree = "<group>"; };
		8F35300D1808DF430015AF68 /* ccbord.h */ = {isa = PBXFileReference; fileEncoding = 4; lastKnownFileType = sourcecode.c.h; path = ccbord.h; sourceTree = "<group>"; };
		8F35300E1808DF430015AF68 /* dewarp.h */ = {isa = PBXFileReference; fileEncoding = 4; lastKnownFileType = sourcecode.c.h; path = dewarp.h; sourceTree = "<group>"; };
		8F35300F1808DF430015AF68 /* endianness.h */ = {isa = PBXFileReference; fileEncoding = 4; lastKnownFileType = sourcecode.c.h; path = endianness.h; sourceTree = "<group>"; };
		8F3530101808DF430015AF68 /* environ.h */ = {isa = PBXFileReference; fileEncoding = 4; lastKnownFileType = sourcecode.c.h; path = environ.h; sourceTree = "<group>"; };
		8F3530111808DF430015AF68 /* freetype.h */ = {isa = PBXFileReference; fileEncoding = 4; lastKnownFileType = sourcecode.c.h; path = freetype.h; sourceTree = "<group>"; };
		8F3530121808DF430015AF68 /* gplot.h */ = {isa = PBXFileReference; fileEncoding = 4; lastKnownFileType = sourcecode.c.h; path = gplot.h; sourceTree = "<group>"; };
		8F3530131808DF430015AF68 /* heap.h */ = {isa = PBXFileReference; fileEncoding = 4; lastKnownFileType = sourcecode.c.h; path = heap.h; sourceTree = "<group>"; };
		8F3530141808DF430015AF68 /* imageio.h */ = {isa = PBXFileReference; fileEncoding = 4; lastKnownFileType = sourcecode.c.h; path = imageio.h; sourceTree = "<group>"; };
		8F3530151808DF430015AF68 /* jbclass.h */ = {isa = PBXFileReference; fileEncoding = 4; lastKnownFileType = sourcecode.c.h; path = jbclass.h; sourceTree = "<group>"; };
		8F3530161808DF430015AF68 /* leptwin.h */ = {isa = PBXFileReference; fileEncoding = 4; lastKnownFileType = sourcecode.c.h; path = leptwin.h; sourceTree = "<group>"; };
		8F3530171808DF430015AF68 /* list.h */ = {isa = PBXFileReference; fileEncoding = 4; lastKnownFileType = sourcecode.c.h; path = list.h; sourceTree = "<group>"; };
		8F3530181808DF430015AF68 /* morph.h */ = {isa = PBXFileReference; fileEncoding = 4; lastKnownFileType = sourcecode.c.h; path = morph.h; sourceTree = "<group>"; };
		8F3530191808DF430015AF68 /* pix.h */ = {isa = PBXFileReference; fileEncoding = 4; lastKnownFileType = sourcecode.c.h; path = pix.h; sourceTree = "<group>"; };
		8F35301A1808DF430015AF68 /* ptra.h */ = {isa = PBXFileReference; fileEncoding = 4; lastKnownFileType = sourcecode.c.h; path = ptra.h; sourceTree = "<group>"; };
		8F35301B1808DF430015AF68 /* queue.h */ = {isa = PBXFileReference; fileEncoding = 4; lastKnownFileType = sourcecode.c.h; path = queue.h; sourceTree = "<group>"; };
		8F35301C1808DF430015AF68 /* readbarcode.h */ = {isa = PBXFileReference; fileEncoding = 4; lastKnownFileType = sourcecode.c.h; path = readbarcode.h; sourceTree = "<group>"; };
		8F35301D1808DF430015AF68 /* regutils.h */ = {isa = PBXFileReference; fileEncoding = 4; lastKnownFileType = sourcecode.c.h; path = regutils.h; sourceTree = "<group>"; };
		8F35301E1808DF430015AF68 /* stack.h */ = {isa = PBXFileReference; fileEncoding = 4; lastKnownFileType = sourcecode.c.h; path = stack.h; sourceTree = "<group>"; };
		8F35301F1808DF430015AF68 /* sudoku.h */ = {isa = PBXFileReference; fileEncoding = 4; lastKnownFileType = sourcecode.c.h; path = sudoku.h; sourceTree = "<group>"; };
		8F3530201808DF430015AF68 /* watershed.h */ = {isa = PBXFileReference; fileEncoding = 4; lastKnownFileType = sourcecode.c.h; path = watershed.h; sourceTree = "<group>"; };
		8F3530221808DF430015AF68 /* ambigs.h */ = {isa = PBXFileReference; fileEncoding = 4; lastKnownFileType = sourcecode.c.h; path = ambigs.h; sourceTree = "<group>"; };
		8F3530231808DF430015AF68 /* apitypes.h */ = {isa = PBXFileReference; fileEncoding = 4; lastKnownFileType = sourcecode.c.h; path = apitypes.h; sourceTree = "<group>"; };
		8F3530241808DF430015AF68 /* baseapi.h */ = {isa = PBXFileReference; fileEncoding = 4; lastKnownFileType = sourcecode.c.h; path = baseapi.h; sourceTree = "<group>"; };
		8F3530251808DF430015AF68 /* basedir.h */ = {isa = PBXFileReference; fileEncoding = 4; lastKnownFileType = sourcecode.c.h; path = basedir.h; sourceTree = "<group>"; };
		8F3530261808DF430015AF68 /* bits16.h */ = {isa = PBXFileReference; fileEncoding = 4; lastKnownFileType = sourcecode.c.h; path = bits16.h; sourceTree = "<group>"; };
		8F3530271808DF430015AF68 /* bitvector.h */ = {isa = PBXFileReference; fileEncoding = 4; lastKnownFileType = sourcecode.c.h; path = bitvector.h; sourceTree = "<group>"; };
		8F3530281808DF430015AF68 /* blckerr.h */ = {isa = PBXFileReference; fileEncoding = 4; lastKnownFileType = sourcecode.c.h; path = blckerr.h; sourceTree = "<group>"; };
		8F3530291808DF430015AF68 /* blobbox.h */ = {isa = PBXFileReference; fileEncoding = 4; lastKnownFileType = sourcecode.c.h; path = blobbox.h; sourceTree = "<group>"; };
		8F35302A1808DF430015AF68 /* blobs.h */ = {isa = PBXFileReference; fileEncoding = 4; lastKnownFileType = sourcecode.c.h; path = blobs.h; sourceTree = "<group>"; };
		8F35302B1808DF430015AF68 /* blread.h */ = {isa = PBXFileReference; fileEncoding = 4; lastKnownFileType = sourcecode.c.h; path = blread.h; sourceTree = "<group>"; };
		8F35302C1808DF430015AF68 /* boxread.h */ = {isa = PBXFileReference; fileEncoding = 4; lastKnownFileType = sourcecode.c.h; path = boxread.h; sourceTree = "<group>"; };
		8F35302D1808DF430015AF68 /* boxword.h */ = {isa = PBXFileReference; fileEncoding = 4; lastKnownFileType = sourcecode.c.h; path = boxword.h; sourceTree = "<group>"; };
		8F35302E1808DF430015AF68 /* capi.h */ = {isa = PBXFileReference; fileEncoding = 4; lastKnownFileType = sourcecode.c.h; path = capi.h; sourceTree = "<group>"; };
		8F35302F1808DF430015AF68 /* ccstruct.h */ = {isa = PBXFileReference; fileEncoding = 4; lastKnownFileType = sourcecode.c.h; path = ccstruct.h; sourceTree = "<group>"; };
		8F3530301808DF430015AF68 /* ccutil.h */ = {isa = PBXFileReference; fileEncoding = 4; lastKnownFileType = sourcecode.c.h; path = ccutil.h; sourceTree = "<group>"; };
		8F3530311808DF430015AF68 /* clst.h */ = {isa = PBXFileReference; fileEncoding = 4; lastKnownFileType = sourcecode.c.h; path = clst.h; sourceTree = "<group>"; };
		8F3530321808DF430015AF68 /* control.h */ = {isa = PBXFileReference; fileEncoding = 4; lastKnownFileType = sourcecode.c.h; path = control.h; sourceTree = "<group>"; };
		8F3530331808DF430015AF68 /* coutln.h */ = {isa = PBXFileReference; fileEncoding = 4; lastKnownFileType = sourcecode.c.h; path = coutln.h; sourceTree = "<group>"; };
		8F3530341808DF430015AF68 /* crakedge.h */ = {isa = PBXFileReference; fileEncoding = 4; lastKnownFileType = sourcecode.c.h; path = crakedge.h; sourceTree = "<group>"; };
		8F3530351808DF430015AF68 /* cube_reco_context.h */ = {isa = PBXFileReference; fileEncoding = 4; lastKnownFileType = sourcecode.c.h; path = cube_reco_context.h; sourceTree = "<group>"; };
		8F3530361808DF430015AF68 /* cubeclassifier.h */ = {isa = PBXFileReference; fileEncoding = 4; lastKnownFileType = sourcecode.c.h; path = cubeclassifier.h; sourceTree = "<group>"; };
		8F3530371808DF430015AF68 /* detlinefit.h */ = {isa = PBXFileReference; fileEncoding = 4; lastKnownFileType = sourcecode.c.h; path = detlinefit.h; sourceTree = "<group>"; };
		8F3530381808DF430015AF68 /* docqual.h */ = {isa = PBXFileReference; fileEncoding = 4; lastKnownFileType = sourcecode.c.h; path = docqual.h; sourceTree = "<group>"; };
		8F3530391808DF430015AF68 /* dppoint.h */ = {isa = PBXFileReference; fileEncoding = 4; lastKnownFileType = sourcecode.c.h; path = dppoint.h; sourceTree = "<group>"; };
		8F35303A1808DF430015AF68 /* elst.h */ = {isa = PBXFileReference; fileEncoding = 4; lastKnownFileType = sourcecode.c.h; path = elst.h; sourceTree = "<group>"; };
		8F35303B1808DF430015AF68 /* elst2.h */ = {isa = PBXFileReference; fileEncoding = 4; lastKnownFileType = sourcecode.c.h; path = elst2.h; sourceTree = "<group>"; };
		8F35303C1808DF430015AF68 /* equationdetect.h */ = {isa = PBXFileReference; fileEncoding = 4; lastKnownFileType = sourcecode.c.h; path = equationdetect.h; sourceTree = "<group>"; };
		8F35303D1808DF430015AF68 /* errcode.h */ = {isa = PBXFileReference; fileEncoding = 4; lastKnownFileType = sourcecode.c.h; path = errcode.h; sourceTree = "<group>"; };
		8F35303E1808DF430015AF68 /* fileerr.h */ = {isa = PBXFileReference; fileEncoding = 4; lastKnownFileType = sourcecode.c.h; path = fileerr.h; sourceTree = "<group>"; };
		8F35303F1808DF430015AF68 /* fixspace.h */ = {isa = PBXFileReference; fileEncoding = 4; lastKnownFileType = sourcecode.c.h; path = fixspace.h; sourceTree = "<group>"; };
		8F3530401808DF430015AF68 /* fontinfo.h */ = {isa = PBXFileReference; fileEncoding = 4; lastKnownFileType = sourcecode.c.h; path = fontinfo.h; sourceTree = "<group>"; };
		8F3530411808DF430015AF68 /* genblob.h */ = {isa = PBXFileReference; fileEncoding = 4; lastKnownFileType = sourcecode.c.h; path = genblob.h; sourceTree = "<group>"; };
		8F3530421808DF430015AF68 /* genericvector.h */ = {isa = PBXFileReference; fileEncoding = 4; lastKnownFileType = sourcecode.c.h; path = genericvector.h; sourceTree = "<group>"; };
		8F3530431808DF430015AF68 /* globaloc.h */ = {isa = PBXFileReference; fileEncoding = 4; lastKnownFileType = sourcecode.c.h; path = globaloc.h; sourceTree = "<group>"; };
		8F3530441808DF430015AF68 /* hashfn.h */ = {isa = PBXFileReference; fileEncoding = 4; lastKnownFileType = sourcecode.c.h; path = hashfn.h; sourceTree = "<group>"; };
		8F3530451808DF430015AF68 /* helpers.h */ = {isa = PBXFileReference; fileEncoding = 4; lastKnownFileType = sourcecode.c.h; path = helpers.h; sourceTree = "<group>"; };
		8F3530461808DF430015AF68 /* host.h */ = {isa = PBXFileReference; fileEncoding = 4; lastKnownFileType = sourcecode.c.h; path = host.h; sourceTree = "<group>"; };
		8F3530471808DF430015AF68 /* hosthplb.h */ = {isa = PBXFileReference; fileEncoding = 4; lastKnownFileType = sourcecode.c.h; path = hosthplb.h; sourceTree = "<group>"; };
		8F3530481808DF430015AF68 /* hpddef.h */ = {isa = PBXFileReference; fileEncoding = 4; lastKnownFileType = sourcecode.c.h; path = hpddef.h; sourceTree = "<group>"; };
		8F3530491808DF430015AF68 /* hpdsizes.h */ = {isa = PBXFileReference; fileEncoding = 4; lastKnownFileType = sourcecode.c.h; path = hpdsizes.h; sourceTree = "<group>"; };
		8F35304A1808DF430015AF68 /* imgscale.h */ = {isa = PBXFileReference; fileEncoding = 4; lastKnownFileType = sourcecode.c.h; path = imgscale.h; sourceTree = "<group>"; };
		8F35304B1808DF430015AF68 /* indexmapbidi.h */ = {isa = PBXFileReference; fileEncoding = 4; lastKnownFileType = sourcecode.c.h; path = indexmapbidi.h; sourceTree = "<group>"; };
		8F35304C1808DF430015AF68 /* ipoints.h */ = {isa = PBXFileReference; fileEncoding = 4; lastKnownFileType = sourcecode.c.h; path = ipoints.h; sourceTree = "<group>"; };
		8F35304D1808DF430015AF68 /* linlsq.h */ = {isa = PBXFileReference; fileEncoding = 4; lastKnownFileType = sourcecode.c.h; path = linlsq.h; sourceTree = "<group>"; };
		8F35304E1808DF430015AF68 /* lsterr.h */ = {isa = PBXFileReference; fileEncoding = 4; lastKnownFileType = sourcecode.c.h; path = lsterr.h; sourceTree = "<group>"; };
		8F35304F1808DF430015AF68 /* ltrresultiterator.h */ = {isa = PBXFileReference; fileEncoding = 4; lastKnownFileType = sourcecode.c.h; path = ltrresultiterator.h; sourceTree = "<group>"; };
		8F3530501808DF430015AF68 /* matrix.h */ = {isa = PBXFileReference; fileEncoding = 4; lastKnownFileType = sourcecode.c.h; path = matrix.h; sourceTree = "<group>"; };
		8F3530511808DF430015AF68 /* memry.h */ = {isa = PBXFileReference; fileEncoding = 4; lastKnownFileType = sourcecode.c.h; path = memry.h; sourceTree = "<group>"; };
		8F3530521808DF430015AF68 /* mfcpch.h */ = {isa = PBXFileReference; fileEncoding = 4; lastKnownFileType = sourcecode.c.h; path = mfcpch.h; sourceTree = "<group>"; };
		8F3530531808DF430015AF68 /* mod128.h */ = {isa = PBXFileReference; fileEncoding = 4; lastKnownFileType = sourcecode.c.h; path = mod128.h; sourceTree = "<group>"; };
		8F3530541808DF430015AF68 /* mutableiterator.h */ = {isa = PBXFileReference; fileEncoding = 4; lastKnownFileType = sourcecode.c.h; path = mutableiterator.h; sourceTree = "<group>"; };
		8F3530551808DF430015AF68 /* ndminx.h */ = {isa = PBXFileReference; fileEncoding = 4; lastKnownFileType = sourcecode.c.h; path = ndminx.h; sourceTree = "<group>"; };
		8F3530561808DF430015AF68 /* normalis.h */ = {isa = PBXFileReference; fileEncoding = 4; lastKnownFileType = sourcecode.c.h; path = normalis.h; sourceTree = "<group>"; };
		8F3530571808DF430015AF68 /* notdll.h */ = {isa = PBXFileReference; fileEncoding = 4; lastKnownFileType = sourcecode.c.h; path = notdll.h; sourceTree = "<group>"; };
		8F3530581808DF430015AF68 /* nwmain.h */ = {isa = PBXFileReference; fileEncoding = 4; lastKnownFileType = sourcecode.c.h; path = nwmain.h; sourceTree = "<group>"; };
		8F3530591808DF430015AF68 /* ocrblock.h */ = {isa = PBXFileReference; fileEncoding = 4; lastKnownFileType = sourcecode.c.h; path = ocrblock.h; sourceTree = "<group>"; };
		8F35305A1808DF430015AF68 /* ocrclass.h */ = {isa = PBXFileReference; fileEncoding = 4; lastKnownFileType = sourcecode.c.h; path = ocrclass.h; sourceTree = "<group>"; };
		8F35305B1808DF430015AF68 /* ocrpara.h */ = {isa = PBXFileReference; fileEncoding = 4; lastKnownFileType = sourcecode.c.h; path = ocrpara.h; sourceTree = "<group>"; };
		8F35305C1808DF430015AF68 /* ocrrow.h */ = {isa = PBXFileReference; fileEncoding = 4; lastKnownFileType = sourcecode.c.h; path = ocrrow.h; sourceTree = "<group>"; };
		8F35305D1808DF430015AF68 /* osdetect.h */ = {isa = PBXFileReference; fileEncoding = 4; lastKnownFileType = sourcecode.c.h; path = osdetect.h; sourceTree = "<group>"; };
		8F35305E1808DF430015AF68 /* otsuthr.h */ = {isa = PBXFileReference; fileEncoding = 4; lastKnownFileType = sourcecode.c.h; path = otsuthr.h; sourceTree = "<group>"; };
		8F35305F1808DF430015AF68 /* output.h */ = {isa = PBXFileReference; fileEncoding = 4; lastKnownFileType = sourcecode.c.h; path = output.h; sourceTree = "<group>"; };
		8F3530601808DF430015AF68 /* pageiterator.h */ = {isa = PBXFileReference; fileEncoding = 4; lastKnownFileType = sourcecode.c.h; path = pageiterator.h; sourceTree = "<group>"; };
		8F3530611808DF430015AF68 /* pageres.h */ = {isa = PBXFileReference; fileEncoding = 4; lastKnownFileType = sourcecode.c.h; path = pageres.h; sourceTree = "<group>"; };
		8F3530621808DF430015AF68 /* paragraphs.h */ = {isa = PBXFileReference; fileEncoding = 4; lastKnownFileType = sourcecode.c.h; path = paragraphs.h; sourceTree = "<group>"; };
		8F3530631808DF430015AF68 /* paragraphs_internal.h */ = {isa = PBXFileReference; fileEncoding = 4; lastKnownFileType = sourcecode.c.h; path = paragraphs_internal.h; sourceTree = "<group>"; };
		8F3530641808DF430015AF68 /* params.h */ = {isa = PBXFileReference; fileEncoding = 4; lastKnownFileType = sourcecode.c.h; path = params.h; sourceTree = "<group>"; };
		8F3530651808DF430015AF68 /* params_training_featdef.h */ = {isa = PBXFileReference; fileEncoding = 4; lastKnownFileType = sourcecode.c.h; path = params_training_featdef.h; sourceTree = "<group>"; };
		8F3530661808DF430015AF68 /* paramsd.h */ = {isa = PBXFileReference; fileEncoding = 4; lastKnownFileType = sourcecode.c.h; path = paramsd.h; sourceTree = "<group>"; };
		8F3530671808DF430015AF68 /* pdblock.h */ = {isa = PBXFileReference; fileEncoding = 4; lastKnownFileType = sourcecode.c.h; path = pdblock.h; sourceTree = "<group>"; };
		8F3530681808DF430015AF68 /* pgedit.h */ = {isa = PBXFileReference; fileEncoding = 4; lastKnownFileType = sourcecode.c.h; path = pgedit.h; sourceTree = "<group>"; };
		8F3530691808DF430015AF68 /* platform.h */ = {isa = PBXFileReference; fileEncoding = 4; lastKnownFileType = sourcecode.c.h; path = platform.h; sourceTree = "<group>"; };
		8F35306A1808DF430015AF68 /* points.h */ = {isa = PBXFileReference; fileEncoding = 4; lastKnownFileType = sourcecode.c.h; path = points.h; sourceTree = "<group>"; };
		8F35306B1808DF430015AF68 /* polyaprx.h */ = {isa = PBXFileReference; fileEncoding = 4; lastKnownFileType = sourcecode.c.h; path = polyaprx.h; sourceTree = "<group>"; };
		8F35306C1808DF430015AF68 /* polyblk.h */ = {isa = PBXFileReference; fileEncoding = 4; lastKnownFileType = sourcecode.c.h; path = polyblk.h; sourceTree = "<group>"; };
		8F35306D1808DF430015AF68 /* publictypes.h */ = {isa = PBXFileReference; fileEncoding = 4; lastKnownFileType = sourcecode.c.h; path = publictypes.h; sourceTree = "<group>"; };
		8F35306E1808DF430015AF68 /* qrsequence.h */ = {isa = PBXFileReference; fileEncoding = 4; lastKnownFileType = sourcecode.c.h; path = qrsequence.h; sourceTree = "<group>"; };
		8F35306F1808DF430015AF68 /* quadlsq.h */ = {isa = PBXFileReference; fileEncoding = 4; lastKnownFileType = sourcecode.c.h; path = quadlsq.h; sourceTree = "<group>"; };
		8F3530701808DF430015AF68 /* quadratc.h */ = {isa = PBXFileReference; fileEncoding = 4; lastKnownFileType = sourcecode.c.h; path = quadratc.h; sourceTree = "<group>"; };
		8F3530711808DF430015AF68 /* quspline.h */ = {isa = PBXFileReference; fileEncoding = 4; lastKnownFileType = sourcecode.c.h; path = quspline.h; sourceTree = "<group>"; };
		8F3530721808DF430015AF68 /* ratngs.h */ = {isa = PBXFileReference; fileEncoding = 4; lastKnownFileType = sourcecode.c.h; path = ratngs.h; sourceTree = "<group>"; };
		8F3530731808DF430015AF68 /* rect.h */ = {isa = PBXFileReference; fileEncoding = 4; lastKnownFileType = sourcecode.c.h; path = rect.h; sourceTree = "<group>"; };
		8F3530741808DF430015AF68 /* rejctmap.h */ = {isa = PBXFileReference; fileEncoding = 4; lastKnownFileType = sourcecode.c.h; path = rejctmap.h; sourceTree = "<group>"; };
		8F3530751808DF430015AF68 /* reject.h */ = {isa = PBXFileReference; fileEncoding = 4; lastKnownFileType = sourcecode.c.h; path = reject.h; sourceTree = "<group>"; };
		8F3530761808DF430015AF68 /* resultiterator.h */ = {isa = PBXFileReference; fileEncoding = 4; lastKnownFileType = sourcecode.c.h; path = resultiterator.h; sourceTree = "<group>"; };
		8F3530771808DF430015AF68 /* scaleimg.h */ = {isa = PBXFileReference; fileEncoding = 4; lastKnownFileType = sourcecode.c.h; path = scaleimg.h; sourceTree = "<group>"; };
		8F3530781808DF430015AF68 /* scanutils.h */ = {isa = PBXFileReference; fileEncoding = 4; lastKnownFileType = sourcecode.c.h; path = scanutils.h; sourceTree = "<group>"; };
		8F3530791808DF430015AF68 /* seam.h */ = {isa = PBXFileReference; fileEncoding = 4; lastKnownFileType = sourcecode.c.h; path = seam.h; sourceTree = "<group>"; };
		8F35307A1808DF430015AF68 /* secname.h */ = {isa = PBXFileReference; fileEncoding = 4; lastKnownFileType = sourcecode.c.h; path = secname.h; sourceTree = "<group>"; };
		8F35307B1808DF430015AF68 /* serialis.h */ = {isa = PBXFileReference; fileEncoding = 4; lastKnownFileType = sourcecode.c.h; path = serialis.h; sourceTree = "<group>"; };
		8F35307C1808DF430015AF68 /* sorthelper.h */ = {isa = PBXFileReference; fileEncoding = 4; lastKnownFileType = sourcecode.c.h; path = sorthelper.h; sourceTree = "<group>"; };
		8F35307D1808DF430015AF68 /* split.h */ = {isa = PBXFileReference; fileEncoding = 4; lastKnownFileType = sourcecode.c.h; path = split.h; sourceTree = "<group>"; };
		8F35307E1808DF430015AF68 /* statistc.h */ = {isa = PBXFileReference; fileEncoding = 4; lastKnownFileType = sourcecode.c.h; path = statistc.h; sourceTree = "<group>"; };
		8F35307F1808DF430015AF68 /* stderr.h */ = {isa = PBXFileReference; fileEncoding = 4; lastKnownFileType = sourcecode.c.h; path = stderr.h; sourceTree = "<group>"; };
		8F3530801808DF430015AF68 /* stepblob.h */ = {isa = PBXFileReference; fileEncoding = 4; lastKnownFileType = sourcecode.c.h; path = stepblob.h; sourceTree = "<group>"; };
		8F3530811808DF430015AF68 /* strngs.h */ = {isa = PBXFileReference; fileEncoding = 4; lastKnownFileType = sourcecode.c.h; path = strngs.h; sourceTree = "<group>"; };
		8F3530821808DF430015AF68 /* tessbox.h */ = {isa = PBXFileReference; fileEncoding = 4; lastKnownFileType = sourcecode.c.h; path = tessbox.h; sourceTree = "<group>"; };
		8F3530831808DF430015AF68 /* tesscallback.h */ = {isa = PBXFileReference; fileEncoding = 4; lastKnownFileType = sourcecode.c.h; path = tesscallback.h; sourceTree = "<group>"; };
		8F3530841808DF430015AF68 /* tessdatamanager.h */ = {isa = PBXFileReference; fileEncoding = 4; lastKnownFileType = sourcecode.c.h; path = tessdatamanager.h; sourceTree = "<group>"; };
		8F3530851808DF430015AF68 /* tessedit.h */ = {isa = PBXFileReference; fileEncoding = 4; lastKnownFileType = sourcecode.c.h; path = tessedit.h; sourceTree = "<group>"; };
		8F3530861808DF430015AF68 /* tesseract_cube_combiner.h */ = {isa = PBXFileReference; fileEncoding = 4; lastKnownFileType = sourcecode.c.h; path = tesseract_cube_combiner.h; sourceTree = "<group>"; };
		8F3530871808DF430015AF68 /* tesseractclass.h */ = {isa = PBXFileReference; fileEncoding = 4; lastKnownFileType = sourcecode.c.h; path = tesseractclass.h; sourceTree = "<group>"; };
		8F3530881808DF430015AF68 /* tesseractmain.h */ = {isa = PBXFileReference; fileEncoding = 4; lastKnownFileType = sourcecode.c.h; path = tesseractmain.h; sourceTree = "<group>"; };
		8F3530891808DF430015AF68 /* tessvars.h */ = {isa = PBXFileReference; fileEncoding = 4; lastKnownFileType = sourcecode.c.h; path = tessvars.h; sourceTree = "<group>"; };
		8F35308A1808DF430015AF68 /* tfacep.h */ = {isa = PBXFileReference; fileEncoding = 4; lastKnownFileType = sourcecode.c.h; path = tfacep.h; sourceTree = "<group>"; };
		8F35308B1808DF430015AF68 /* tfacepp.h */ = {isa = PBXFileReference; fileEncoding = 4; lastKnownFileType = sourcecode.c.h; path = tfacepp.h; sourceTree = "<group>"; };
		8F35308C1808DF430015AF68 /* thresholder.h */ = {isa = PBXFileReference; fileEncoding = 4; lastKnownFileType = sourcecode.c.h; path = thresholder.h; sourceTree = "<group>"; };
		8F35308D1808DF430015AF68 /* tprintf.h */ = {isa = PBXFileReference; fileEncoding = 4; lastKnownFileType = sourcecode.c.h; path = tprintf.h; sourceTree = "<group>"; };
		8F35308E1808DF430015AF68 /* unichar.h */ = {isa = PBXFileReference; fileEncoding = 4; lastKnownFileType = sourcecode.c.h; path = unichar.h; sourceTree = "<group>"; };
		8F35308F1808DF430015AF68 /* unicharmap.h */ = {isa = PBXFileReference; fileEncoding = 4; lastKnownFileType = sourcecode.c.h; path = unicharmap.h; sourceTree = "<group>"; };
		8F3530901808DF430015AF68 /* unicharset.h */ = {isa = PBXFileReference; fileEncoding = 4; lastKnownFileType = sourcecode.c.h; path = unicharset.h; sourceTree = "<group>"; };
		8F3530911808DF430015AF68 /* unicity_table.h */ = {isa = PBXFileReference; fileEncoding = 4; lastKnownFileType = sourcecode.c.h; path = unicity_table.h; sourceTree = "<group>"; };
		8F3530921808DF430015AF68 /* unicodes.h */ = {isa = PBXFileReference; fileEncoding = 4; lastKnownFileType = sourcecode.c.h; path = unicodes.h; sourceTree = "<group>"; };
		8F3530931808DF430015AF68 /* vecfuncs.h */ = {isa = PBXFileReference; fileEncoding = 4; lastKnownFileType = sourcecode.c.h; path = vecfuncs.h; sourceTree = "<group>"; };
		8F3530941808DF430015AF68 /* werd.h */ = {isa = PBXFileReference; fileEncoding = 4; lastKnownFileType = sourcecode.c.h; path = werd.h; sourceTree = "<group>"; };
		8F3530951808DF430015AF68 /* werdit.h */ = {isa = PBXFileReference; fileEncoding = 4; lastKnownFileType = sourcecode.c.h; path = werdit.h; sourceTree = "<group>"; };
		8F3530971808DF440015AF68 /* liblept.a */ = {isa = PBXFileReference; lastKnownFileType = archive.ar; path = liblept.a; sourceTree = "<group>"; };
		8F3530981808DF440015AF68 /* libtesseract_all.a */ = {isa = PBXFileReference; lastKnownFileType = archive.ar; path = libtesseract_all.a; sourceTree = "<group>"; };
		8F3530A11808DF4A0015AF68 /* tessdata */ = {isa = PBXFileReference; lastKnownFileType = folder; path = tessdata; sourceTree = "<group>"; };
		8F6C914B18097D4300F75EFE /* GroceryList.plist */ = {isa = PBXFileReference; fileEncoding = 4; lastKnownFileType = text.plist.xml; path = GroceryList.plist; sourceTree = "<group>"; };
		8F6C91511809986E00F75EFE /* Accounts.framework */ = {isa = PBXFileReference; lastKnownFileType = wrapper.framework; name = Accounts.framework; path = System/Library/Frameworks/Accounts.framework; sourceTree = SDKROOT; };
		8F6C915518099A5D00F75EFE /* Social.framework */ = {isa = PBXFileReference; lastKnownFileType = wrapper.framework; name = Social.framework; path = System/Library/Frameworks/Social.framework; sourceTree = SDKROOT; };
		8F6C915718099B1300F75EFE /* FacebookSDK.framework */ = {isa = PBXFileReference; lastKnownFileType = wrapper.framework; path = FacebookSDK.framework; sourceTree = "<group>"; };
		8F6C9160180BDAC800F75EFE /* Swirl.jpg */ = {isa = PBXFileReference; lastKnownFileType = image.jpeg; name = Swirl.jpg; path = Images/Swirl.jpg; sourceTree = "<group>"; };
		8F6C9162180BDD5600F75EFE /* AppDelegate.h */ = {isa = PBXFileReference; fileEncoding = 4; lastKnownFileType = sourcecode.c.h; name = AppDelegate.h; path = Classes/AppDelegate.h; sourceTree = "<group>"; };
		8F6C9163180BDD5600F75EFE /* AppDelegate.m */ = {isa = PBXFileReference; fileEncoding = 4; lastKnownFileType = sourcecode.c.objc; name = AppDelegate.m; path = Classes/AppDelegate.m; sourceTree = "<group>"; };
		8F6C9166180BDD5600F75EFE /* ChooseIngredientsViewController.h */ = {isa = PBXFileReference; fileEncoding = 4; lastKnownFileType = sourcecode.c.h; name = ChooseIngredientsViewController.h; path = Classes/ChooseIngredientsViewController.h; sourceTree = "<group>"; };
		8F6C9167180BDD5600F75EFE /* ChooseIngredientsViewController.m */ = {isa = PBXFileReference; fileEncoding = 4; lastKnownFileType = sourcecode.c.objc; name = ChooseIngredientsViewController.m; path = Classes/ChooseIngredientsViewController.m; sourceTree = "<group>"; };
		8F6C9168180BDD5600F75EFE /* FridgeViewController.h */ = {isa = PBXFileReference; fileEncoding = 4; lastKnownFileType = sourcecode.c.h; name = FridgeViewController.h; path = Classes/FridgeViewController.h; sourceTree = "<group>"; };
		8F6C9169180BDD5600F75EFE /* FridgeViewController.m */ = {isa = PBXFileReference; fileEncoding = 4; lastKnownFileType = sourcecode.c.objc; name = FridgeViewController.m; path = Classes/FridgeViewController.m; sourceTree = "<group>"; };
		8F6C916C180BDD5600F75EFE /* RecipeListViewController.h */ = {isa = PBXFileReference; fileEncoding = 4; lastKnownFileType = sourcecode.c.h; name = RecipeListViewController.h; path = Classes/RecipeListViewController.h; sourceTree = "<group>"; };
		8F6C916D180BDD5600F75EFE /* RecipeListViewController.m */ = {isa = PBXFileReference; fileEncoding = 4; lastKnownFileType = sourcecode.c.objc; name = RecipeListViewController.m; path = Classes/RecipeListViewController.m; sourceTree = "<group>"; };
		8F6C916E180BDD5600F75EFE /* RecipesViewController.h */ = {isa = PBXFileReference; fileEncoding = 4; lastKnownFileType = sourcecode.c.h; name = RecipesViewController.h; path = Classes/RecipesViewController.h; sourceTree = "<group>"; };
		8F6C916F180BDD5600F75EFE /* RecipesViewController.m */ = {isa = PBXFileReference; fileEncoding = 4; lastKnownFileType = sourcecode.c.objc; name = RecipesViewController.m; path = Classes/RecipesViewController.m; sourceTree = "<group>"; };
		8F6C9170180BDD5600F75EFE /* RecipeViewController.h */ = {isa = PBXFileReference; fileEncoding = 4; lastKnownFileType = sourcecode.c.h; name = RecipeViewController.h; path = Classes/RecipeViewController.h; sourceTree = "<group>"; };
		8F6C9171180BDD5600F75EFE /* RecipeViewController.m */ = {isa = PBXFileReference; fileEncoding = 4; lastKnownFileType = sourcecode.c.objc; name = RecipeViewController.m; path = Classes/RecipeViewController.m; sourceTree = "<group>"; };
		8F6C9174180BDD5600F75EFE /* TeamDetailsViewController.h */ = {isa = PBXFileReference; fileEncoding = 4; lastKnownFileType = sourcecode.c.h; name = TeamDetailsViewController.h; path = Classes/TeamDetailsViewController.h; sourceTree = "<group>"; };
		8F6C9175180BDD5600F75EFE /* TeamDetailsViewController.m */ = {isa = PBXFileReference; fileEncoding = 4; lastKnownFileType = sourcecode.c.objc; name = TeamDetailsViewController.m; path = Classes/TeamDetailsViewController.m; sourceTree = "<group>"; };
		8F6C9176180BDD5600F75EFE /* ViewController.h */ = {isa = PBXFileReference; fileEncoding = 4; lastKnownFileType = sourcecode.c.h; name = ViewController.h; path = Classes/ViewController.h; sourceTree = "<group>"; };
		8F6C9177180BDD5600F75EFE /* ViewController.m */ = {isa = PBXFileReference; fileEncoding = 4; lastKnownFileType = sourcecode.c.objc; name = ViewController.m; path = Classes/ViewController.m; sourceTree = "<group>"; };
		8F6C9189180BDDBD00F75EFE /* ImageProcessing.h */ = {isa = PBXFileReference; fileEncoding = 4; lastKnownFileType = sourcecode.c.h; name = ImageProcessing.h; path = Classes/Helpers/ImageProcessing.h; sourceTree = "<group>"; };
		8F6C918A180BDDBD00F75EFE /* ImageProcessing.mm */ = {isa = PBXFileReference; fileEncoding = 4; lastKnownFileType = sourcecode.cpp.objcpp; name = ImageProcessing.mm; path = Classes/Helpers/ImageProcessing.mm; sourceTree = "<group>"; };
		8F6C918B180BDDBD00F75EFE /* NSString+Levenshtein.h */ = {isa = PBXFileReference; fileEncoding = 4; lastKnownFileType = sourcecode.c.h; name = "NSString+Levenshtein.h"; path = "Classes/Helpers/NSString+Levenshtein.h"; sourceTree = "<group>"; };
		8F6C918C180BDDBD00F75EFE /* NSString+Levenshtein.m */ = {isa = PBXFileReference; fileEncoding = 4; lastKnownFileType = sourcecode.c.objc; name = "NSString+Levenshtein.m"; path = "Classes/Helpers/NSString+Levenshtein.m"; sourceTree = "<group>"; };
		8F6C918D180BDDBD00F75EFE /* TeamDetailCell.h */ = {isa = PBXFileReference; fileEncoding = 4; lastKnownFileType = sourcecode.c.h; name = TeamDetailCell.h; path = Classes/Helpers/TeamDetailCell.h; sourceTree = "<group>"; };
		8F6C918E180BDDBD00F75EFE /* TeamDetailCell.m */ = {isa = PBXFileReference; fileEncoding = 4; lastKnownFileType = sourcecode.c.objc; name = TeamDetailCell.m; path = Classes/Helpers/TeamDetailCell.m; sourceTree = "<group>"; };
		8F6C918F180BDDBD00F75EFE /* VTPG_Common.h */ = {isa = PBXFileReference; fileEncoding = 4; lastKnownFileType = sourcecode.c.h; name = VTPG_Common.h; path = Classes/Helpers/VTPG_Common.h; sourceTree = "<group>"; };
		8F6C9190180BDDBD00F75EFE /* VTPG_Common.m */ = {isa = PBXFileReference; fileEncoding = 4; lastKnownFileType = sourcecode.c.objc; name = VTPG_Common.m; path = Classes/Helpers/VTPG_Common.m; sourceTree = "<group>"; };
		C6F451B0D6F9495785F9FA7E /* libPods-RecipeMashTests.a */ = {isa = PBXFileReference; explicitFileType = archive.ar; includeInIndex = 0; path = "libPods-RecipeMashTests.a"; sourceTree = BUILT_PRODUCTS_DIR; };
/* End PBXFileReference section */

/* Begin PBXFrameworksBuildPhase section */
		8F352FC11808DF340015AF68 /* Frameworks */ = {
			isa = PBXFrameworksBuildPhase;
			buildActionMask = 2147483647;
			files = (
				8F6C915618099A5D00F75EFE /* Social.framework in Frameworks */,
				8F6C91521809986E00F75EFE /* Accounts.framework in Frameworks */,
				8F35309E1808DF440015AF68 /* liblept.a in Frameworks */,
				8F352FCA1808DF340015AF68 /* CoreGraphics.framework in Frameworks */,
				8F35309F1808DF440015AF68 /* libtesseract_all.a in Frameworks */,
				8F6C915818099B1300F75EFE /* FacebookSDK.framework in Frameworks */,
				8F352FCC1808DF340015AF68 /* UIKit.framework in Frameworks */,
				8F352FC81808DF340015AF68 /* Foundation.framework in Frameworks */,
				75DB5BC42936465888F4294E /* libPods-RecipeMash.a in Frameworks */,
			);
			runOnlyForDeploymentPostprocessing = 0;
		};
		8F352FE21808DF340015AF68 /* Frameworks */ = {
			isa = PBXFrameworksBuildPhase;
			buildActionMask = 2147483647;
			files = (
				8F352FE71808DF340015AF68 /* XCTest.framework in Frameworks */,
				8F352FE91808DF340015AF68 /* UIKit.framework in Frameworks */,
				8F352FE81808DF340015AF68 /* Foundation.framework in Frameworks */,
				3E187A2E7F4446F6801CE61C /* libPods-RecipeMashTests.a in Frameworks */,
			);
			runOnlyForDeploymentPostprocessing = 0;
		};
/* End PBXFrameworksBuildPhase section */

/* Begin PBXGroup section */
		8F352FBB1808DF340015AF68 = {
			isa = PBXGroup;
			children = (
				8F352FCD1808DF340015AF68 /* RecipeMash */,
				8F352FEC1808DF340015AF68 /* RecipeMashTests */,
				8F352FC61808DF340015AF68 /* Frameworks */,
				8F352FC51808DF340015AF68 /* Products */,
				62B5492E4B5B451087A6BE11 /* Pods-RecipeMash.xcconfig */,
				2AF1C4C5476B4429919B7020 /* Pods-RecipeMashTests.xcconfig */,
			);
			sourceTree = "<group>";
		};
		8F352FC51808DF340015AF68 /* Products */ = {
			isa = PBXGroup;
			children = (
				8F352FC41808DF340015AF68 /* RecipeMash.app */,
				8F352FE51808DF340015AF68 /* RecipeMashTests.xctest */,
			);
			name = Products;
			sourceTree = "<group>";
		};
		8F352FC61808DF340015AF68 /* Frameworks */ = {
			isa = PBXGroup;
			children = (
				8F6C915718099B1300F75EFE /* FacebookSDK.framework */,
				8F6C915518099A5D00F75EFE /* Social.framework */,
				8F6C91511809986E00F75EFE /* Accounts.framework */,
				8F352FC71808DF340015AF68 /* Foundation.framework */,
				8F352FC91808DF340015AF68 /* CoreGraphics.framework */,
				8F352FCB1808DF340015AF68 /* UIKit.framework */,
				8F352FE61808DF340015AF68 /* XCTest.framework */,
				7E6FA54D9A534BB3A44210CB /* libPods-RecipeMash.a */,
				C6F451B0D6F9495785F9FA7E /* libPods-RecipeMashTests.a */,
			);
			name = Frameworks;
			sourceTree = "<group>";
		};
		8F352FCD1808DF340015AF68 /* RecipeMash */ = {
			isa = PBXGroup;
			children = (
				8F352FD91808DF340015AF68 /* Main.storyboard */,
				8F6C9162180BDD5600F75EFE /* AppDelegate.h */,
				8F6C9163180BDD5600F75EFE /* AppDelegate.m */,
				8F6C9176180BDD5600F75EFE /* ViewController.h */,
				8F6C9177180BDD5600F75EFE /* ViewController.m */,
				8F6C9166180BDD5600F75EFE /* ChooseIngredientsViewController.h */,
				8F6C9167180BDD5600F75EFE /* ChooseIngredientsViewController.m */,
				8F6C9168180BDD5600F75EFE /* FridgeViewController.h */,
				8F6C9169180BDD5600F75EFE /* FridgeViewController.m */,
				8F6C916C180BDD5600F75EFE /* RecipeListViewController.h */,
				8F6C916D180BDD5600F75EFE /* RecipeListViewController.m */,
				8F6C916E180BDD5600F75EFE /* RecipesViewController.h */,
				8F6C916F180BDD5600F75EFE /* RecipesViewController.m */,
				8F6C9170180BDD5600F75EFE /* RecipeViewController.h */,
				8F6C9171180BDD5600F75EFE /* RecipeViewController.m */,
				8F6C9174180BDD5600F75EFE /* TeamDetailsViewController.h */,
				8F6C9175180BDD5600F75EFE /* TeamDetailsViewController.m */,
				8F6C9160180BDAC800F75EFE /* Swirl.jpg */,
				8F352FDF1808DF340015AF68 /* Images.xcassets */,
				8F352FCE1808DF340015AF68 /* Supporting Files */,
			);
			path = RecipeMash;
			sourceTree = "<group>";
		};
		8F352FCE1808DF340015AF68 /* Supporting Files */ = {
			isa = PBXGroup;
			children = (
				8F6C914B18097D4300F75EFE /* GroceryList.plist */,
				8F6C9188180BDDB600F75EFE /* Helper Classes */,
				8F6C915F180BD85000F75EFE /* Tessaract Library */,
				8F352FCF1808DF340015AF68 /* RecipeMash-Info.plist */,
				8F352FD01808DF340015AF68 /* InfoPlist.strings */,
				8F352FD31808DF340015AF68 /* main.m */,
				8F352FD51808DF340015AF68 /* RecipeMash-Prefix.pch */,
			);
			name = "Supporting Files";
			sourceTree = "<group>";
		};
		8F352FEC1808DF340015AF68 /* RecipeMashTests */ = {
			isa = PBXGroup;
			children = (
				8F352FF21808DF340015AF68 /* RecipeMashTests.m */,
				8F352FED1808DF340015AF68 /* Supporting Files */,
			);
			path = RecipeMashTests;
			sourceTree = "<group>";
		};
		8F352FED1808DF340015AF68 /* Supporting Files */ = {
			isa = PBXGroup;
			children = (
				8F352FEE1808DF340015AF68 /* RecipeMashTests-Info.plist */,
				8F352FEF1808DF340015AF68 /* InfoPlist.strings */,
			);
			name = "Supporting Files";
			sourceTree = "<group>";
		};
		8F352FFC1808DF430015AF68 /* tesseract-ios */ = {
			isa = PBXGroup;
			children = (
				8F352FFD1808DF430015AF68 /* Classes */,
				8F3530001808DF430015AF68 /* LICENSE */,
			);
			path = "tesseract-ios";
			sourceTree = "<group>";
		};
		8F352FFD1808DF430015AF68 /* Classes */ = {
			isa = PBXGroup;
			children = (
				8F352FFE1808DF430015AF68 /* Tesseract.h */,
				8F352FFF1808DF430015AF68 /* Tesseract.mm */,
			);
			path = Classes;
			sourceTree = "<group>";
		};
		8F3530021808DF430015AF68 /* tesseract-ios-lib */ = {
			isa = PBXGroup;
			children = (
				8F3530031808DF430015AF68 /* .gitignore */,
				8F3530041808DF430015AF68 /* include */,
				8F3530961808DF440015AF68 /* lib */,
			);
			path = "tesseract-ios-lib";
			sourceTree = "<group>";
		};
		8F3530041808DF430015AF68 /* include */ = {
			isa = PBXGroup;
			children = (
				8F3530051808DF430015AF68 /* leptonica */,
				8F3530211808DF430015AF68 /* tesseract */,
			);
			path = include;
			sourceTree = "<group>";
		};
		8F3530051808DF430015AF68 /* leptonica */ = {
			isa = PBXGroup;
			children = (
				8F3530061808DF430015AF68 /* allheaders.h */,
				8F3530071808DF430015AF68 /* alltypes.h */,
				8F3530081808DF430015AF68 /* array.h */,
				8F3530091808DF430015AF68 /* arrayaccess.h */,
				8F35300A1808DF430015AF68 /* bbuffer.h */,
				8F35300B1808DF430015AF68 /* bmf.h */,
				8F35300C1808DF430015AF68 /* bmp.h */,
				8F35300D1808DF430015AF68 /* ccbord.h */,
				8F35300E1808DF430015AF68 /* dewarp.h */,
				8F35300F1808DF430015AF68 /* endianness.h */,
				8F3530101808DF430015AF68 /* environ.h */,
				8F3530111808DF430015AF68 /* freetype.h */,
				8F3530121808DF430015AF68 /* gplot.h */,
				8F3530131808DF430015AF68 /* heap.h */,
				8F3530141808DF430015AF68 /* imageio.h */,
				8F3530151808DF430015AF68 /* jbclass.h */,
				8F3530161808DF430015AF68 /* leptwin.h */,
				8F3530171808DF430015AF68 /* list.h */,
				8F3530181808DF430015AF68 /* morph.h */,
				8F3530191808DF430015AF68 /* pix.h */,
				8F35301A1808DF430015AF68 /* ptra.h */,
				8F35301B1808DF430015AF68 /* queue.h */,
				8F35301C1808DF430015AF68 /* readbarcode.h */,
				8F35301D1808DF430015AF68 /* regutils.h */,
				8F35301E1808DF430015AF68 /* stack.h */,
				8F35301F1808DF430015AF68 /* sudoku.h */,
				8F3530201808DF430015AF68 /* watershed.h */,
			);
			path = leptonica;
			sourceTree = "<group>";
		};
		8F3530211808DF430015AF68 /* tesseract */ = {
			isa = PBXGroup;
			children = (
				8F3530221808DF430015AF68 /* ambigs.h */,
				8F3530231808DF430015AF68 /* apitypes.h */,
				8F3530241808DF430015AF68 /* baseapi.h */,
				8F3530251808DF430015AF68 /* basedir.h */,
				8F3530261808DF430015AF68 /* bits16.h */,
				8F3530271808DF430015AF68 /* bitvector.h */,
				8F3530281808DF430015AF68 /* blckerr.h */,
				8F3530291808DF430015AF68 /* blobbox.h */,
				8F35302A1808DF430015AF68 /* blobs.h */,
				8F35302B1808DF430015AF68 /* blread.h */,
				8F35302C1808DF430015AF68 /* boxread.h */,
				8F35302D1808DF430015AF68 /* boxword.h */,
				8F35302E1808DF430015AF68 /* capi.h */,
				8F35302F1808DF430015AF68 /* ccstruct.h */,
				8F3530301808DF430015AF68 /* ccutil.h */,
				8F3530311808DF430015AF68 /* clst.h */,
				8F3530321808DF430015AF68 /* control.h */,
				8F3530331808DF430015AF68 /* coutln.h */,
				8F3530341808DF430015AF68 /* crakedge.h */,
				8F3530351808DF430015AF68 /* cube_reco_context.h */,
				8F3530361808DF430015AF68 /* cubeclassifier.h */,
				8F3530371808DF430015AF68 /* detlinefit.h */,
				8F3530381808DF430015AF68 /* docqual.h */,
				8F3530391808DF430015AF68 /* dppoint.h */,
				8F35303A1808DF430015AF68 /* elst.h */,
				8F35303B1808DF430015AF68 /* elst2.h */,
				8F35303C1808DF430015AF68 /* equationdetect.h */,
				8F35303D1808DF430015AF68 /* errcode.h */,
				8F35303E1808DF430015AF68 /* fileerr.h */,
				8F35303F1808DF430015AF68 /* fixspace.h */,
				8F3530401808DF430015AF68 /* fontinfo.h */,
				8F3530411808DF430015AF68 /* genblob.h */,
				8F3530421808DF430015AF68 /* genericvector.h */,
				8F3530431808DF430015AF68 /* globaloc.h */,
				8F3530441808DF430015AF68 /* hashfn.h */,
				8F3530451808DF430015AF68 /* helpers.h */,
				8F3530461808DF430015AF68 /* host.h */,
				8F3530471808DF430015AF68 /* hosthplb.h */,
				8F3530481808DF430015AF68 /* hpddef.h */,
				8F3530491808DF430015AF68 /* hpdsizes.h */,
				8F35304A1808DF430015AF68 /* imgscale.h */,
				8F35304B1808DF430015AF68 /* indexmapbidi.h */,
				8F35304C1808DF430015AF68 /* ipoints.h */,
				8F35304D1808DF430015AF68 /* linlsq.h */,
				8F35304E1808DF430015AF68 /* lsterr.h */,
				8F35304F1808DF430015AF68 /* ltrresultiterator.h */,
				8F3530501808DF430015AF68 /* matrix.h */,
				8F3530511808DF430015AF68 /* memry.h */,
				8F3530521808DF430015AF68 /* mfcpch.h */,
				8F3530531808DF430015AF68 /* mod128.h */,
				8F3530541808DF430015AF68 /* mutableiterator.h */,
				8F3530551808DF430015AF68 /* ndminx.h */,
				8F3530561808DF430015AF68 /* normalis.h */,
				8F3530571808DF430015AF68 /* notdll.h */,
				8F3530581808DF430015AF68 /* nwmain.h */,
				8F3530591808DF430015AF68 /* ocrblock.h */,
				8F35305A1808DF430015AF68 /* ocrclass.h */,
				8F35305B1808DF430015AF68 /* ocrpara.h */,
				8F35305C1808DF430015AF68 /* ocrrow.h */,
				8F35305D1808DF430015AF68 /* osdetect.h */,
				8F35305E1808DF430015AF68 /* otsuthr.h */,
				8F35305F1808DF430015AF68 /* output.h */,
				8F3530601808DF430015AF68 /* pageiterator.h */,
				8F3530611808DF430015AF68 /* pageres.h */,
				8F3530621808DF430015AF68 /* paragraphs.h */,
				8F3530631808DF430015AF68 /* paragraphs_internal.h */,
				8F3530641808DF430015AF68 /* params.h */,
				8F3530651808DF430015AF68 /* params_training_featdef.h */,
				8F3530661808DF430015AF68 /* paramsd.h */,
				8F3530671808DF430015AF68 /* pdblock.h */,
				8F3530681808DF430015AF68 /* pgedit.h */,
				8F3530691808DF430015AF68 /* platform.h */,
				8F35306A1808DF430015AF68 /* points.h */,
				8F35306B1808DF430015AF68 /* polyaprx.h */,
				8F35306C1808DF430015AF68 /* polyblk.h */,
				8F35306D1808DF430015AF68 /* publictypes.h */,
				8F35306E1808DF430015AF68 /* qrsequence.h */,
				8F35306F1808DF430015AF68 /* quadlsq.h */,
				8F3530701808DF430015AF68 /* quadratc.h */,
				8F3530711808DF430015AF68 /* quspline.h */,
				8F3530721808DF430015AF68 /* ratngs.h */,
				8F3530731808DF430015AF68 /* rect.h */,
				8F3530741808DF430015AF68 /* rejctmap.h */,
				8F3530751808DF430015AF68 /* reject.h */,
				8F3530761808DF430015AF68 /* resultiterator.h */,
				8F3530771808DF430015AF68 /* scaleimg.h */,
				8F3530781808DF430015AF68 /* scanutils.h */,
				8F3530791808DF430015AF68 /* seam.h */,
				8F35307A1808DF430015AF68 /* secname.h */,
				8F35307B1808DF430015AF68 /* serialis.h */,
				8F35307C1808DF430015AF68 /* sorthelper.h */,
				8F35307D1808DF430015AF68 /* split.h */,
				8F35307E1808DF430015AF68 /* statistc.h */,
				8F35307F1808DF430015AF68 /* stderr.h */,
				8F3530801808DF430015AF68 /* stepblob.h */,
				8F3530811808DF430015AF68 /* strngs.h */,
				8F3530821808DF430015AF68 /* tessbox.h */,
				8F3530831808DF430015AF68 /* tesscallback.h */,
				8F3530841808DF430015AF68 /* tessdatamanager.h */,
				8F3530851808DF430015AF68 /* tessedit.h */,
				8F3530861808DF430015AF68 /* tesseract_cube_combiner.h */,
				8F3530871808DF430015AF68 /* tesseractclass.h */,
				8F3530881808DF430015AF68 /* tesseractmain.h */,
				8F3530891808DF430015AF68 /* tessvars.h */,
				8F35308A1808DF430015AF68 /* tfacep.h */,
				8F35308B1808DF430015AF68 /* tfacepp.h */,
				8F35308C1808DF430015AF68 /* thresholder.h */,
				8F35308D1808DF430015AF68 /* tprintf.h */,
				8F35308E1808DF430015AF68 /* unichar.h */,
				8F35308F1808DF430015AF68 /* unicharmap.h */,
				8F3530901808DF430015AF68 /* unicharset.h */,
				8F3530911808DF430015AF68 /* unicity_table.h */,
				8F3530921808DF430015AF68 /* unicodes.h */,
				8F3530931808DF430015AF68 /* vecfuncs.h */,
				8F3530941808DF430015AF68 /* werd.h */,
				8F3530951808DF430015AF68 /* werdit.h */,
			);
			path = tesseract;
			sourceTree = "<group>";
		};
		8F3530961808DF440015AF68 /* lib */ = {
			isa = PBXGroup;
			children = (
				8F3530971808DF440015AF68 /* liblept.a */,
				8F3530981808DF440015AF68 /* libtesseract_all.a */,
			);
			path = lib;
			sourceTree = "<group>";
		};
		8F6C915F180BD85000F75EFE /* Tessaract Library */ = {
			isa = PBXGroup;
			children = (
				8F3530A11808DF4A0015AF68 /* tessdata */,
				8F352FFC1808DF430015AF68 /* tesseract-ios */,
				8F3530021808DF430015AF68 /* tesseract-ios-lib */,
			);
			name = "Tessaract Library";
			sourceTree = "<group>";
		};
		8F6C9188180BDDB600F75EFE /* Helper Classes */ = {
			isa = PBXGroup;
			children = (
				8F6C9189180BDDBD00F75EFE /* ImageProcessing.h */,
				8F6C918A180BDDBD00F75EFE /* ImageProcessing.mm */,
				8F6C918B180BDDBD00F75EFE /* NSString+Levenshtein.h */,
				8F6C918C180BDDBD00F75EFE /* NSString+Levenshtein.m */,
				8F6C918D180BDDBD00F75EFE /* TeamDetailCell.h */,
				8F6C918E180BDDBD00F75EFE /* TeamDetailCell.m */,
				8F6C918F180BDDBD00F75EFE /* VTPG_Common.h */,
				8F6C9190180BDDBD00F75EFE /* VTPG_Common.m */,
			);
			name = "Helper Classes";
			sourceTree = "<group>";
		};
/* End PBXGroup section */

/* Begin PBXNativeTarget section */
		8F352FC31808DF340015AF68 /* RecipeMash */ = {
			isa = PBXNativeTarget;
			buildConfigurationList = 8F352FF61808DF340015AF68 /* Build configuration list for PBXNativeTarget "RecipeMash" */;
			buildPhases = (
				43655A8752EE4C628212415C /* Check Pods Manifest.lock */,
				8F352FC01808DF340015AF68 /* Sources */,
				8F352FC11808DF340015AF68 /* Frameworks */,
				8F352FC21808DF340015AF68 /* Resources */,
				9ED10AC270C745E692E9EC3D /* Copy Pods Resources */,
			);
			buildRules = (
			);
			dependencies = (
			);
			name = RecipeMash;
			productName = RecipeMash;
			productReference = 8F352FC41808DF340015AF68 /* RecipeMash.app */;
			productType = "com.apple.product-type.application";
		};
		8F352FE41808DF340015AF68 /* RecipeMashTests */ = {
			isa = PBXNativeTarget;
			buildConfigurationList = 8F352FF91808DF340015AF68 /* Build configuration list for PBXNativeTarget "RecipeMashTests" */;
			buildPhases = (
				33403240E89C4C9781CB131F /* Check Pods Manifest.lock */,
				8F352FE11808DF340015AF68 /* Sources */,
				8F352FE21808DF340015AF68 /* Frameworks */,
				8F352FE31808DF340015AF68 /* Resources */,
				0DBF0754C63640C9A2A2DEA0 /* Copy Pods Resources */,
			);
			buildRules = (
			);
			dependencies = (
				8F352FEB1808DF340015AF68 /* PBXTargetDependency */,
			);
			name = RecipeMashTests;
			productName = RecipeMashTests;
			productReference = 8F352FE51808DF340015AF68 /* RecipeMashTests.xctest */;
			productType = "com.apple.product-type.bundle.unit-test";
		};
/* End PBXNativeTarget section */

/* Begin PBXProject section */
		8F352FBC1808DF340015AF68 /* Project object */ = {
			isa = PBXProject;
			attributes = {
				LastUpgradeCheck = 0500;
				ORGANIZATIONNAME = "Sidwyn Koh";
				TargetAttributes = {
					8F352FE41808DF340015AF68 = {
						TestTargetID = 8F352FC31808DF340015AF68;
					};
				};
			};
			buildConfigurationList = 8F352FBF1808DF340015AF68 /* Build configuration list for PBXProject "RecipeMash" */;
			compatibilityVersion = "Xcode 3.2";
			developmentRegion = English;
			hasScannedForEncodings = 0;
			knownRegions = (
				en,
				Base,
			);
			mainGroup = 8F352FBB1808DF340015AF68;
			productRefGroup = 8F352FC51808DF340015AF68 /* Products */;
			projectDirPath = "";
			projectRoot = "";
			targets = (
				8F352FC31808DF340015AF68 /* RecipeMash */,
				8F352FE41808DF340015AF68 /* RecipeMashTests */,
			);
		};
/* End PBXProject section */

/* Begin PBXResourcesBuildPhase section */
		8F352FC21808DF340015AF68 /* Resources */ = {
			isa = PBXResourcesBuildPhase;
			buildActionMask = 2147483647;
			files = (
				8F6C914C18097D4300F75EFE /* GroceryList.plist in Resources */,
				8F352FE01808DF340015AF68 /* Images.xcassets in Resources */,
				8F3530A21808DF4A0015AF68 /* tessdata in Resources */,
				8F352FD21808DF340015AF68 /* InfoPlist.strings in Resources */,
				8F6C9161180BDAC800F75EFE /* Swirl.jpg in Resources */,
				8F35309B1808DF440015AF68 /* LICENSE in Resources */,
				8F35309D1808DF440015AF68 /* .gitignore in Resources */,
				8F352FDB1808DF340015AF68 /* Main.storyboard in Resources */,
			);
			runOnlyForDeploymentPostprocessing = 0;
		};
		8F352FE31808DF340015AF68 /* Resources */ = {
			isa = PBXResourcesBuildPhase;
			buildActionMask = 2147483647;
			files = (
				8F352FF11808DF340015AF68 /* InfoPlist.strings in Resources */,
			);
			runOnlyForDeploymentPostprocessing = 0;
		};
/* End PBXResourcesBuildPhase section */

/* Begin PBXShellScriptBuildPhase section */
		0DBF0754C63640C9A2A2DEA0 /* Copy Pods Resources */ = {
			isa = PBXShellScriptBuildPhase;
			buildActionMask = 2147483647;
			files = (
			);
			inputPaths = (
			);
			name = "Copy Pods Resources";
			outputPaths = (
			);
			runOnlyForDeploymentPostprocessing = 0;
			shellPath = /bin/sh;
			shellScript = "\"${SRCROOT}/Pods/Pods-RecipeMashTests-resources.sh\"\n";
			showEnvVarsInLog = 0;
		};
		33403240E89C4C9781CB131F /* Check Pods Manifest.lock */ = {
			isa = PBXShellScriptBuildPhase;
			buildActionMask = 2147483647;
			files = (
			);
			inputPaths = (
			);
			name = "Check Pods Manifest.lock";
			outputPaths = (
			);
			runOnlyForDeploymentPostprocessing = 0;
			shellPath = /bin/sh;
			shellScript = "diff \"${PODS_ROOT}/../Podfile.lock\" \"${PODS_ROOT}/Manifest.lock\" > /dev/null\nif [[ $? != 0 ]] ; then\n    cat << EOM\nerror: The sandbox is not in sync with the Podfile.lock. Run 'pod install' or update your CocoaPods installation.\nEOM\n    exit 1\nfi\n";
			showEnvVarsInLog = 0;
		};
		43655A8752EE4C628212415C /* Check Pods Manifest.lock */ = {
			isa = PBXShellScriptBuildPhase;
			buildActionMask = 2147483647;
			files = (
			);
			inputPaths = (
			);
			name = "Check Pods Manifest.lock";
			outputPaths = (
			);
			runOnlyForDeploymentPostprocessing = 0;
			shellPath = /bin/sh;
			shellScript = "diff \"${PODS_ROOT}/../Podfile.lock\" \"${PODS_ROOT}/Manifest.lock\" > /dev/null\nif [[ $? != 0 ]] ; then\n    cat << EOM\nerror: The sandbox is not in sync with the Podfile.lock. Run 'pod install' or update your CocoaPods installation.\nEOM\n    exit 1\nfi\n";
			showEnvVarsInLog = 0;
		};
		9ED10AC270C745E692E9EC3D /* Copy Pods Resources */ = {
			isa = PBXShellScriptBuildPhase;
			buildActionMask = 2147483647;
			files = (
			);
			inputPaths = (
			);
			name = "Copy Pods Resources";
			outputPaths = (
			);
			runOnlyForDeploymentPostprocessing = 0;
			shellPath = /bin/sh;
			shellScript = "\"${SRCROOT}/Pods/Pods-RecipeMash-resources.sh\"\n";
			showEnvVarsInLog = 0;
		};
/* End PBXShellScriptBuildPhase section */

/* Begin PBXSourcesBuildPhase section */
		8F352FC01808DF340015AF68 /* Sources */ = {
			isa = PBXSourcesBuildPhase;
			buildActionMask = 2147483647;
			files = (
				8F6C917C180BDD5600F75EFE /* ChooseIngredientsViewController.m in Sources */,
				8F6C9183180BDD5600F75EFE /* TeamDetailsViewController.m in Sources */,
				8F6C9194180BDDBD00F75EFE /* VTPG_Common.m in Sources */,
				8F6C9180180BDD5600F75EFE /* RecipesViewController.m in Sources */,
				8F35309A1808DF440015AF68 /* Tesseract.mm in Sources */,
				8F352FD41808DF340015AF68 /* main.m in Sources */,
				8F6C9192180BDDBD00F75EFE /* NSString+Levenshtein.m in Sources */,
				8F6C9193180BDDBD00F75EFE /* TeamDetailCell.m in Sources */,
				8F6C9191180BDDBD00F75EFE /* ImageProcessing.mm in Sources */,
				8F6C917F180BDD5600F75EFE /* RecipeListViewController.m in Sources */,
				8F6C917A180BDD5600F75EFE /* AppDelegate.m in Sources */,
				8F6C9181180BDD5600F75EFE /* RecipeViewController.m in Sources */,
				8F6C917D180BDD5600F75EFE /* FridgeViewController.m in Sources */,
				8F6C9184180BDD5600F75EFE /* ViewController.m in Sources */,
			);
			runOnlyForDeploymentPostprocessing = 0;
		};
		8F352FE11808DF340015AF68 /* Sources */ = {
			isa = PBXSourcesBuildPhase;
			buildActionMask = 2147483647;
			files = (
				8F352FF31808DF340015AF68 /* RecipeMashTests.m in Sources */,
			);
			runOnlyForDeploymentPostprocessing = 0;
		};
/* End PBXSourcesBuildPhase section */

/* Begin PBXTargetDependency section */
		8F352FEB1808DF340015AF68 /* PBXTargetDependency */ = {
			isa = PBXTargetDependency;
			target = 8F352FC31808DF340015AF68 /* RecipeMash */;
			targetProxy = 8F352FEA1808DF340015AF68 /* PBXContainerItemProxy */;
		};
/* End PBXTargetDependency section */

/* Begin PBXVariantGroup section */
		8F352FD01808DF340015AF68 /* InfoPlist.strings */ = {
			isa = PBXVariantGroup;
			children = (
				8F352FD11808DF340015AF68 /* en */,
			);
			name = InfoPlist.strings;
			sourceTree = "<group>";
		};
		8F352FD91808DF340015AF68 /* Main.storyboard */ = {
			isa = PBXVariantGroup;
			children = (
				8F352FDA1808DF340015AF68 /* Base */,
			);
			name = Main.storyboard;
			sourceTree = "<group>";
		};
		8F352FEF1808DF340015AF68 /* InfoPlist.strings */ = {
			isa = PBXVariantGroup;
			children = (
				8F352FF01808DF340015AF68 /* en */,
			);
			name = InfoPlist.strings;
			sourceTree = "<group>";
		};
/* End PBXVariantGroup section */

/* Begin XCBuildConfiguration section */
		8F352FF41808DF340015AF68 /* Debug */ = {
			isa = XCBuildConfiguration;
			buildSettings = {
				ALWAYS_SEARCH_USER_PATHS = NO;
				CLANG_CXX_LANGUAGE_STANDARD = "gnu++0x";
				CLANG_CXX_LIBRARY = "compiler-default";
				CLANG_ENABLE_MODULES = YES;
				CLANG_ENABLE_OBJC_ARC = YES;
				CLANG_WARN_BOOL_CONVERSION = YES;
				CLANG_WARN_CONSTANT_CONVERSION = YES;
				CLANG_WARN_DIRECT_OBJC_ISA_USAGE = YES_ERROR;
				CLANG_WARN_EMPTY_BODY = YES;
				CLANG_WARN_ENUM_CONVERSION = YES;
				CLANG_WARN_INT_CONVERSION = YES;
				CLANG_WARN_OBJC_ROOT_CLASS = YES_ERROR;
				CLANG_WARN__DUPLICATE_METHOD_MATCH = YES;
				"CODE_SIGN_IDENTITY[sdk=iphoneos*]" = "iPhone Developer";
				COPY_PHASE_STRIP = NO;
				GCC_C_LANGUAGE_STANDARD = gnu99;
				GCC_DYNAMIC_NO_PIC = NO;
				GCC_OPTIMIZATION_LEVEL = 0;
				GCC_PREPROCESSOR_DEFINITIONS = (
					"DEBUG=1",
					"$(inherited)",
				);
				GCC_SYMBOLS_PRIVATE_EXTERN = NO;
				GCC_WARN_ABOUT_RETURN_TYPE = YES_ERROR;
				GCC_WARN_UNDECLARED_SELECTOR = YES;
				GCC_WARN_UNINITIALIZED_AUTOS = YES;
				GCC_WARN_UNUSED_FUNCTION = YES;
				GCC_WARN_UNUSED_VARIABLE = YES;
				IPHONEOS_DEPLOYMENT_TARGET = 7.0;
				ONLY_ACTIVE_ARCH = YES;
				SDKROOT = iphoneos;
			};
			name = Debug;
		};
		8F352FF51808DF340015AF68 /* Release */ = {
			isa = XCBuildConfiguration;
			buildSettings = {
				ALWAYS_SEARCH_USER_PATHS = NO;
				CLANG_CXX_LANGUAGE_STANDARD = "gnu++0x";
				CLANG_CXX_LIBRARY = "compiler-default";
				CLANG_ENABLE_MODULES = YES;
				CLANG_ENABLE_OBJC_ARC = YES;
				CLANG_WARN_BOOL_CONVERSION = YES;
				CLANG_WARN_CONSTANT_CONVERSION = YES;
				CLANG_WARN_DIRECT_OBJC_ISA_USAGE = YES_ERROR;
				CLANG_WARN_EMPTY_BODY = YES;
				CLANG_WARN_ENUM_CONVERSION = YES;
				CLANG_WARN_INT_CONVERSION = YES;
				CLANG_WARN_OBJC_ROOT_CLASS = YES_ERROR;
				CLANG_WARN__DUPLICATE_METHOD_MATCH = YES;
				"CODE_SIGN_IDENTITY[sdk=iphoneos*]" = "iPhone Developer";
				COPY_PHASE_STRIP = YES;
				ENABLE_NS_ASSERTIONS = NO;
				GCC_C_LANGUAGE_STANDARD = gnu99;
				GCC_WARN_ABOUT_RETURN_TYPE = YES_ERROR;
				GCC_WARN_UNDECLARED_SELECTOR = YES;
				GCC_WARN_UNINITIALIZED_AUTOS = YES;
				GCC_WARN_UNUSED_FUNCTION = YES;
				GCC_WARN_UNUSED_VARIABLE = YES;
				IPHONEOS_DEPLOYMENT_TARGET = 7.0;
				SDKROOT = iphoneos;
				VALIDATE_PRODUCT = YES;
			};
			name = Release;
		};
		8F352FF71808DF340015AF68 /* Debug */ = {
			isa = XCBuildConfiguration;
			baseConfigurationReference = 62B5492E4B5B451087A6BE11 /* Pods-RecipeMash.xcconfig */;
			buildSettings = {
				ARCHS = armv7;
				ASSETCATALOG_COMPILER_APPICON_NAME = AppIcon;
				ASSETCATALOG_COMPILER_LAUNCHIMAGE_NAME = LaunchImage;
				CLANG_CXX_LIBRARY = "libstdc++";
				FRAMEWORK_SEARCH_PATHS = (
					"$(inherited)",
					"/Users/sidwyn/Documents/Code/recipemash-ios/RecipeMash",
				);
				GCC_INPUT_FILETYPE = sourcecode.cpp.objcpp;
				GCC_PRECOMPILE_PREFIX_HEADER = YES;
				GCC_PREFIX_HEADER = "RecipeMash/RecipeMash-Prefix.pch";
				INFOPLIST_FILE = "RecipeMash/RecipeMash-Info.plist";
				LIBRARY_SEARCH_PATHS = (
					"$(inherited)",
					"/Users/sidwyn/Documents/Code/recipemash-ios/RecipeMash/RecipeMash/tesseract-ios-lib/lib",
				);
				PRODUCT_NAME = "$(TARGET_NAME)";
				WRAPPER_EXTENSION = app;
			};
			name = Debug;
		};
		8F352FF81808DF340015AF68 /* Release */ = {
			isa = XCBuildConfiguration;
			baseConfigurationReference = 62B5492E4B5B451087A6BE11 /* Pods-RecipeMash.xcconfig */;
			buildSettings = {
				ARCHS = armv7;
				ASSETCATALOG_COMPILER_APPICON_NAME = AppIcon;
				ASSETCATALOG_COMPILER_LAUNCHIMAGE_NAME = LaunchImage;
				CLANG_CXX_LIBRARY = "libstdc++";
				FRAMEWORK_SEARCH_PATHS = (
					"$(inherited)",
					"/Users/sidwyn/Documents/Code/recipemash-ios/RecipeMash",
				);
				GCC_INPUT_FILETYPE = sourcecode.cpp.objcpp;
				GCC_PRECOMPILE_PREFIX_HEADER = YES;
				GCC_PREFIX_HEADER = "RecipeMash/RecipeMash-Prefix.pch";
				INFOPLIST_FILE = "RecipeMash/RecipeMash-Info.plist";
				LIBRARY_SEARCH_PATHS = (
					"$(inherited)",
					"/Users/sidwyn/Documents/Code/recipemash-ios/RecipeMash/RecipeMash/tesseract-ios-lib/lib",
				);
				PRODUCT_NAME = "$(TARGET_NAME)";
				WRAPPER_EXTENSION = app;
			};
			name = Release;
		};
		8F352FFA1808DF340015AF68 /* Debug */ = {
			isa = XCBuildConfiguration;
			baseConfigurationReference = 2AF1C4C5476B4429919B7020 /* Pods-RecipeMashTests.xcconfig */;
			buildSettings = {
				BUNDLE_LOADER = "$(BUILT_PRODUCTS_DIR)/RecipeMash.app/RecipeMash";
				FRAMEWORK_SEARCH_PATHS = (
					"$(SDKROOT)/Developer/Library/Frameworks",
					"$(inherited)",
					"$(DEVELOPER_FRAMEWORKS_DIR)",
				);
				GCC_PRECOMPILE_PREFIX_HEADER = YES;
				GCC_PREFIX_HEADER = "RecipeMash/RecipeMash-Prefix.pch";
				GCC_PREPROCESSOR_DEFINITIONS = (
					"DEBUG=1",
					"$(inherited)",
				);
				INFOPLIST_FILE = "RecipeMashTests/RecipeMashTests-Info.plist";
				PRODUCT_NAME = "$(TARGET_NAME)";
				TEST_HOST = "$(BUNDLE_LOADER)";
				WRAPPER_EXTENSION = xctest;
			};
			name = Debug;
		};
		8F352FFB1808DF340015AF68 /* Release */ = {
			isa = XCBuildConfiguration;
			baseConfigurationReference = 2AF1C4C5476B4429919B7020 /* Pods-RecipeMashTests.xcconfig */;
			buildSettings = {
				BUNDLE_LOADER = "$(BUILT_PRODUCTS_DIR)/RecipeMash.app/RecipeMash";
				FRAMEWORK_SEARCH_PATHS = (
					"$(SDKROOT)/Developer/Library/Frameworks",
					"$(inherited)",
					"$(DEVELOPER_FRAMEWORKS_DIR)",
				);
				GCC_PRECOMPILE_PREFIX_HEADER = YES;
				GCC_PREFIX_HEADER = "RecipeMash/RecipeMash-Prefix.pch";
				INFOPLIST_FILE = "RecipeMashTests/RecipeMashTests-Info.plist";
				PRODUCT_NAME = "$(TARGET_NAME)";
				TEST_HOST = "$(BUNDLE_LOADER)";
				WRAPPER_EXTENSION = xctest;
			};
			name = Release;
		};
/* End XCBuildConfiguration section */

/* Begin XCConfigurationList section */
		8F352FBF1808DF340015AF68 /* Build configuration list for PBXProject "RecipeMash" */ = {
			isa = XCConfigurationList;
			buildConfigurations = (
				8F352FF41808DF340015AF68 /* Debug */,
				8F352FF51808DF340015AF68 /* Release */,
			);
			defaultConfigurationIsVisible = 0;
			defaultConfigurationName = Release;
		};
		8F352FF61808DF340015AF68 /* Build configuration list for PBXNativeTarget "RecipeMash" */ = {
			isa = XCConfigurationList;
			buildConfigurations = (
				8F352FF71808DF340015AF68 /* Debug */,
				8F352FF81808DF340015AF68 /* Release */,
			);
			defaultConfigurationIsVisible = 0;
			defaultConfigurationName = Release;
		};
		8F352FF91808DF340015AF68 /* Build configuration list for PBXNativeTarget "RecipeMashTests" */ = {
			isa = XCConfigurationList;
			buildConfigurations = (
				8F352FFA1808DF340015AF68 /* Debug */,
				8F352FFB1808DF340015AF68 /* Release */,
			);
			defaultConfigurationIsVisible = 0;
			defaultConfigurationName = Release;
		};
/* End XCConfigurationList section */
	};
	rootObject = 8F352FBC1808DF340015AF68 /* Project object */;
}
